
Microsoft Visual Studio Solution File, Format Version 12.00
# Visual Studio Version 17
VisualStudioVersion = 17.3.32825.248
MinimumVisualStudioVersion = 10.0.40219.1
Project("{FAE04EC0-301F-11D3-BF4B-00C04F79EFBC}") = "TableStorage", "TableStorage\TableStorage.csproj", "{BC9D6450-E784-4FEE-8055-546461AA445E}"
EndProject
Global
	GlobalSection(SolutionConfigurationPlatforms) = preSolution
		Debug|Any CPU = Debug|Any CPU
		Release|Any CPU = Release|Any CPU
	EndGlobalSection
	GlobalSection(ProjectConfigurationPlatforms) = postSolution
		{BC9D6450-E784-4FEE-8055-546461AA445E}.Debug|Any CPU.ActiveCfg = Debug|Any CPU
		{BC9D6450-E784-4FEE-8055-546461AA445E}.Debug|Any CPU.Build.0 = Debug|Any CPU
		{BC9D6450-E784-4FEE-8055-546461AA445E}.Release|Any CPU.ActiveCfg = Release|Any CPU
		{BC9D6450-E784-4FEE-8055-546461AA445E}.Release|Any CPU.Build.0 = Release|Any CPU
	EndGlobalSection
	GlobalSection(SolutionProperties) = preSolution
		HideSolutionNode = FALSE
	EndGlobalSection
	GlobalSection(ExtensibilityGlobals) = postSolution
		SolutionGuid = {13BF8BB5-9A46-445C-A068-6E68B82FC4F4}
	EndGlobalSection
EndGlobal
